# THIS IS AN AUTOGENERATED FILE. DO NOT EDIT THIS FILE DIRECTLY.
# yarn lockfile v1


"@fontsource/ibm-plex-sans@^4.5.13":
  version "4.5.13"
  resolved "https://registry.yarnpkg.com/@fontsource/ibm-plex-sans/-/ibm-plex-sans-4.5.13.tgz#fa0ef72a2ccf4b4329c488212f31ef4e6770983d"
  integrity sha512-7oDAqvuIArnMJck/JBqCnQZwqL4za+5xG+1Gu4enYbGcGqmUPktiuOy1i0N3XrzrNO70ZvsSt1Rdkxr2oemE6Q==

"@ibm/plex@^6.3.0":
  version "6.3.0"
  resolved "https://registry.yarnpkg.com/@ibm/plex/-/plex-6.3.0.tgz#83188e6a43c498312e8aede93cbfa61a9e315387"
  integrity sha512-kb1ATGXrFu/gF2NZY40OlRUAEWCcrq9mIEYkuWqXUPaC6Zrb7iA9wQYTkJdAPP+V6ySfp7NLAyzAnK9c5k90Sg==
